
Microsoft Visual Studio Solution File, Format Version 12.00
# Visual Studio Version 17
VisualStudioVersion = 17.10.35013.160
MinimumVisualStudioVersion = 10.0.40219.1
Project("{FAE04EC0-301F-11D3-BF4B-00C04F79EFBC}") = "NTierArchitectureCore", "NTierArchitectureCore\NTierArchitectureCore.csproj", "{ADBF77B3-3690-4EF9-A499-73E1D50F2E05}"
EndProject
Project("{FAE04EC0-301F-11D3-BF4B-00C04F79EFBC}") = "BusinessLayer", "BusinessLayer\BusinessLayer.csproj", "{E903E7CA-1C97-4D6C-9586-81A998091A89}"
EndProject
Project("{FAE04EC0-301F-11D3-BF4B-00C04F79EFBC}") = "CoreLayer", "CoreLayer\CoreLayer.csproj", "{64A83629-203D-436A-B85A-322848F8F0F3}"
EndProject
Project("{FAE04EC0-301F-11D3-BF4B-00C04F79EFBC}") = "EntityLayer", "EntityLayer\EntityLayer.csproj", "{5599FF88-33D5-4A02-B8DF-910EF18035DF}"
EndProject
Project("{FAE04EC0-301F-11D3-BF4B-00C04F79EFBC}") = "DataAccessLayer", "DataAccessLayer\DataAccessLayer.csproj", "{D531C914-18A8-4862-B5E8-C014B33AFB94}"
EndProject
Global
	GlobalSection(SolutionConfigurationPlatforms) = preSolution
		Debug|Any CPU = Debug|Any CPU
		Release|Any CPU = Release|Any CPU
	EndGlobalSection
	GlobalSection(ProjectConfigurationPlatforms) = postSolution
		{ADBF77B3-3690-4EF9-A499-73E1D50F2E05}.Debug|Any CPU.ActiveCfg = Debug|Any CPU
		{ADBF77B3-3690-4EF9-A499-73E1D50F2E05}.Debug|Any CPU.Build.0 = Debug|Any CPU
		{ADBF77B3-3690-4EF9-A499-73E1D50F2E05}.Release|Any CPU.ActiveCfg = Release|Any CPU
		{ADBF77B3-3690-4EF9-A499-73E1D50F2E05}.Release|Any CPU.Build.0 = Release|Any CPU
		{E903E7CA-1C97-4D6C-9586-81A998091A89}.Debug|Any CPU.ActiveCfg = Debug|Any CPU
		{E903E7CA-1C97-4D6C-9586-81A998091A89}.Debug|Any CPU.Build.0 = Debug|Any CPU
		{E903E7CA-1C97-4D6C-9586-81A998091A89}.Release|Any CPU.ActiveCfg = Release|Any CPU
		{E903E7CA-1C97-4D6C-9586-81A998091A89}.Release|Any CPU.Build.0 = Release|Any CPU
		{64A83629-203D-436A-B85A-322848F8F0F3}.Debug|Any CPU.ActiveCfg = Debug|Any CPU
		{64A83629-203D-436A-B85A-322848F8F0F3}.Debug|Any CPU.Build.0 = Debug|Any CPU
		{64A83629-203D-436A-B85A-322848F8F0F3}.Release|Any CPU.ActiveCfg = Release|Any CPU
		{64A83629-203D-436A-B85A-322848F8F0F3}.Release|Any CPU.Build.0 = Release|Any CPU
		{5599FF88-33D5-4A02-B8DF-910EF18035DF}.Debug|Any CPU.ActiveCfg = Debug|Any CPU
		{5599FF88-33D5-4A02-B8DF-910EF18035DF}.Debug|Any CPU.Build.0 = Debug|Any CPU
		{5599FF88-33D5-4A02-B8DF-910EF18035DF}.Release|Any CPU.ActiveCfg = Release|Any CPU
		{5599FF88-33D5-4A02-B8DF-910EF18035DF}.Release|Any CPU.Build.0 = Release|Any CPU
		{D531C914-18A8-4862-B5E8-C014B33AFB94}.Debug|Any CPU.ActiveCfg = Debug|Any CPU
		{D531C914-18A8-4862-B5E8-C014B33AFB94}.Debug|Any CPU.Build.0 = Debug|Any CPU
		{D531C914-18A8-4862-B5E8-C014B33AFB94}.Release|Any CPU.ActiveCfg = Release|Any CPU
		{D531C914-18A8-4862-B5E8-C014B33AFB94}.Release|Any CPU.Build.0 = Release|Any CPU
	EndGlobalSection
	GlobalSection(SolutionProperties) = preSolution
		HideSolutionNode = FALSE
	EndGlobalSection
	GlobalSection(ExtensibilityGlobals) = postSolution
		SolutionGuid = {03602741-2972-44DD-A8F4-A745F24C9056}
	EndGlobalSection
EndGlobal
