
Microsoft Visual Studio Solution File, Format Version 12.00
# Visual Studio Version 17
VisualStudioVersion = 17.10.35013.160
MinimumVisualStudioVersion = 10.0.40219.1
Project("{FAE04EC0-301F-11D3-BF4B-00C04F79EFBC}") = "NTierArchitectureCore", "NTierArchitectureCore\NTierArchitectureCore.csproj", "{ADBF77B3-3690-4EF9-A499-73E1D50F2E05}"
EndProject
Global
	GlobalSection(SolutionConfigurationPlatforms) = preSolution
		Debug|Any CPU = Debug|Any CPU
		Release|Any CPU = Release|Any CPU
	EndGlobalSection
	GlobalSection(ProjectConfigurationPlatforms) = postSolution
		{ADBF77B3-3690-4EF9-A499-73E1D50F2E05}.Debug|Any CPU.ActiveCfg = Debug|Any CPU
		{ADBF77B3-3690-4EF9-A499-73E1D50F2E05}.Debug|Any CPU.Build.0 = Debug|Any CPU
		{ADBF77B3-3690-4EF9-A499-73E1D50F2E05}.Release|Any CPU.ActiveCfg = Release|Any CPU
		{ADBF77B3-3690-4EF9-A499-73E1D50F2E05}.Release|Any CPU.Build.0 = Release|Any CPU
	EndGlobalSection
	GlobalSection(SolutionProperties) = preSolution
		HideSolutionNode = FALSE
	EndGlobalSection
	GlobalSection(ExtensibilityGlobals) = postSolution
		SolutionGuid = {03602741-2972-44DD-A8F4-A745F24C9056}
	EndGlobalSection
EndGlobal
